
Microsoft Visual Studio Solution File, Format Version 12.00
# Visual Studio Version 17
VisualStudioVersion = 17.6.33723.286
MinimumVisualStudioVersion = 10.0.40219.1
Project("{FAE04EC0-301F-11D3-BF4B-00C04F79EFBC}") = "DemExz", "DemExz.csproj", "{62B4AECD-51FD-4642-BD25-D7D530CC210B}"
EndProject
Global
	GlobalSection(SolutionConfigurationPlatforms) = preSolution
		Debug|Any CPU = Debug|Any CPU
		Release|Any CPU = Release|Any CPU
	EndGlobalSection
	GlobalSection(ProjectConfigurationPlatforms) = postSolution
		{62B4AECD-51FD-4642-BD25-D7D530CC210B}.Debug|Any CPU.ActiveCfg = Debug|Any CPU
		{62B4AECD-51FD-4642-BD25-D7D530CC210B}.Debug|Any CPU.Build.0 = Debug|Any CPU
		{62B4AECD-51FD-4642-BD25-D7D530CC210B}.Release|Any CPU.ActiveCfg = Release|Any CPU
		{62B4AECD-51FD-4642-BD25-D7D530CC210B}.Release|Any CPU.Build.0 = Release|Any CPU
	EndGlobalSection
	GlobalSection(SolutionProperties) = preSolution
		HideSolutionNode = FALSE
	EndGlobalSection
	GlobalSection(ExtensibilityGlobals) = postSolution
		SolutionGuid = {B26AAA1B-2885-453F-A88B-60456184E1C6}
	EndGlobalSection
EndGlobal
